
Microsoft Visual Studio Solution File, Format Version 12.00
# Visual Studio Version 17
VisualStudioVersion = 17.2.32519.379
MinimumVisualStudioVersion = 10.0.40219.1
Project("{FAE04EC0-301F-11D3-BF4B-00C04F79EFBC}") = "DemoOpenTelemetry", "DemoOpenTelemetry\DemoOpenTelemetry.csproj", "{FF6DA76D-C87A-4F76-8D74-A20FD38284D1}"
EndProject
Project("{FAE04EC0-301F-11D3-BF4B-00C04F79EFBC}") = "WeatherService", "WeatherService\WeatherService.csproj", "{6250F9B9-CFE5-4E60-A2B6-8EA786992138}"
EndProject
Global
	GlobalSection(SolutionConfigurationPlatforms) = preSolution
		Debug|Any CPU = Debug|Any CPU
		Release|Any CPU = Release|Any CPU
	EndGlobalSection
	GlobalSection(ProjectConfigurationPlatforms) = postSolution
		{FF6DA76D-C87A-4F76-8D74-A20FD38284D1}.Debug|Any CPU.ActiveCfg = Debug|Any CPU
		{FF6DA76D-C87A-4F76-8D74-A20FD38284D1}.Debug|Any CPU.Build.0 = Debug|Any CPU
		{FF6DA76D-C87A-4F76-8D74-A20FD38284D1}.Release|Any CPU.ActiveCfg = Release|Any CPU
		{FF6DA76D-C87A-4F76-8D74-A20FD38284D1}.Release|Any CPU.Build.0 = Release|Any CPU
		{6250F9B9-CFE5-4E60-A2B6-8EA786992138}.Debug|Any CPU.ActiveCfg = Debug|Any CPU
		{6250F9B9-CFE5-4E60-A2B6-8EA786992138}.Debug|Any CPU.Build.0 = Debug|Any CPU
		{6250F9B9-CFE5-4E60-A2B6-8EA786992138}.Release|Any CPU.ActiveCfg = Release|Any CPU
		{6250F9B9-CFE5-4E60-A2B6-8EA786992138}.Release|Any CPU.Build.0 = Release|Any CPU
	EndGlobalSection
	GlobalSection(SolutionProperties) = preSolution
		HideSolutionNode = FALSE
	EndGlobalSection
	GlobalSection(ExtensibilityGlobals) = postSolution
		SolutionGuid = {56CAEDB7-1105-4C57-A303-8645ABF76E76}
	EndGlobalSection
EndGlobal
